<?xml version="1.0" encoding="utf-8"?>
<Project ToolsVersion="12.0" xmlns="http://schemas.microsoft.com/developer/msbuild/2003">
  <ItemGroup>
    <Filter Include="Source Files">
      <UniqueIdentifier>{e3eafaa1-0e7b-45cc-8d3a-9c70cf94f5a7}</UniqueIdentifier>
    </Filter>
    <Filter Include="Header Files">
      <UniqueIdentifier>{825f07c2-7190-4280-a078-4fb9b82bd17f}</UniqueIdentifier>
    </Filter>
    <Filter Include="Resource Files">
      <UniqueIdentifier>{60a77fa4-563e-486b-b40f-341fdeef08eb}</UniqueIdentifier>
    </Filter>
  </ItemGroup>
  <ItemGroup>
    <ClInclude Include="framework.h">
      <Filter>Header Files</Filter>
    </ClInclude>
    <ClInclude Include="_.h">
      <Filter>Header Files</Filter>
    </ClInclude>
    <ClInclude Include="redshift.h">
      <Filter>Header Files</Filter>
    </ClInclude>
    <ClInclude Include="gamma-w32gdi.h">
      <Filter>Header Files</Filter>
    </ClInclude>
    <ClInclude Include="gamma.h">
      <Filter>Header Files</Filter>
    </ClInclude>
    <ClInclude Include="colorramp.h">
      <Filter>Header Files</Filter>
    </ClInclude>
  </ItemGroup>
  <ItemGroup>
    <ClCompile Include="framework.cpp">
      <Filter>Source Files</Filter>
    </ClCompile>
    <ClCompile Include="_.cpp">
      <Filter>Source Files</Filter>
    </ClCompile>
    <ClCompile Include="gamma-w32gdi.cpp">
      <Filter>Source Files</Filter>
    </ClCompile>
    <ClCompile Include="redshift.cpp">
      <Filter>Source Files</Filter>
    </ClCompile>
    <ClCompile Include="colorramp.cpp">
      <Filter>Source Files</Filter>
    </ClCompile>
  </ItemGroup>
  <ItemGroup>
    <ResourceCompile Include="deployment.rc">
      <Filter>Resource Files</Filter>
    </ResourceCompile>
  </ItemGroup>
</Project>